
Microsoft Visual Studio Solution File, Format Version 12.00
# Visual Studio 15
Project("{FAE04EC0-301F-11D3-BF4B-00C04F79EFBC}") = "Xamarin.Fritz", "Xamarin.Fritz\Xamarin.Fritz.csproj", "{8343AEFD-B5B6-4B86-9A34-48897EBA5475}"
EndProject
Global
	GlobalSection(SolutionConfigurationPlatforms) = preSolution
		Debug|Any CPU = Debug|Any CPU
		Release|Any CPU = Release|Any CPU
	EndGlobalSection
	GlobalSection(ProjectConfigurationPlatforms) = postSolution
		{8343AEFD-B5B6-4B86-9A34-48897EBA5475}.Debug|Any CPU.ActiveCfg = Debug|Any CPU
		{8343AEFD-B5B6-4B86-9A34-48897EBA5475}.Debug|Any CPU.Build.0 = Debug|Any CPU
		{8343AEFD-B5B6-4B86-9A34-48897EBA5475}.Release|Any CPU.ActiveCfg = Release|Any CPU
		{8343AEFD-B5B6-4B86-9A34-48897EBA5475}.Release|Any CPU.Build.0 = Release|Any CPU
	EndGlobalSection
EndGlobal
